// !$*UTF8*$!
{
	archiveVersion = 1;
	classes = {
	};
	objectVersion = 50;
	objects = {

/* Begin PBXBuildFile section */
		CBEB432926EF25B0008D9AD2 /* PokedexApp.swift in Sources */ = {isa = PBXBuildFile; fileRef = CBEB432826EF25B0008D9AD2 /* PokedexApp.swift */; };
		CBEB432B26EF25B0008D9AD2 /* LoginView.swift in Sources */ = {isa = PBXBuildFile; fileRef = CBEB432A26EF25B0008D9AD2 /* LoginView.swift */; };
		CBEB432D26EF25B0008D9AD2 /* Assets.xcassets in Resources */ = {isa = PBXBuildFile; fileRef = CBEB432C26EF25B0008D9AD2 /* Assets.xcassets */; };
		CBEB433026EF25B0008D9AD2 /* Preview Assets.xcassets in Resources */ = {isa = PBXBuildFile; fileRef = CBEB432F26EF25B0008D9AD2 /* Preview Assets.xcassets */; };
		CBEB433B26EF25B1008D9AD2 /* PokedexTests.swift in Sources */ = {isa = PBXBuildFile; fileRef = CBEB433A26EF25B1008D9AD2 /* PokedexTests.swift */; };
		CBEB434626EF25B1008D9AD2 /* PokedexUITests.swift in Sources */ = {isa = PBXBuildFile; fileRef = CBEB434526EF25B1008D9AD2 /* PokedexUITests.swift */; };
		CBEB435426EF2769008D9AD2 /* LoginViewModel.swift in Sources */ = {isa = PBXBuildFile; fileRef = CBEB435326EF2769008D9AD2 /* LoginViewModel.swift */; };
/* End PBXBuildFile section */

/* Begin PBXContainerItemProxy section */
		CBEB433726EF25B1008D9AD2 /* PBXContainerItemProxy */ = {
			isa = PBXContainerItemProxy;
			containerPortal = CBEB431D26EF25B0008D9AD2 /* Project object */;
			proxyType = 1;
			remoteGlobalIDString = CBEB432426EF25B0008D9AD2;
			remoteInfo = Pokedex;
		};
		CBEB434226EF25B1008D9AD2 /* PBXContainerItemProxy */ = {
			isa = PBXContainerItemProxy;
			containerPortal = CBEB431D26EF25B0008D9AD2 /* Project object */;
			proxyType = 1;
			remoteGlobalIDString = CBEB432426EF25B0008D9AD2;
			remoteInfo = Pokedex;
		};
/* End PBXContainerItemProxy section */

/* Begin PBXFileReference section */
		CBEB432526EF25B0008D9AD2 /* Pokedex.app */ = {isa = PBXFileReference; explicitFileType = wrapper.application; includeInIndex = 0; path = Pokedex.app; sourceTree = BUILT_PRODUCTS_DIR; };
		CBEB432826EF25B0008D9AD2 /* PokedexApp.swift */ = {isa = PBXFileReference; lastKnownFileType = sourcecode.swift; path = PokedexApp.swift; sourceTree = "<group>"; };
		CBEB432A26EF25B0008D9AD2 /* LoginView.swift */ = {isa = PBXFileReference; lastKnownFileType = sourcecode.swift; path = LoginView.swift; sourceTree = "<group>"; };
		CBEB432C26EF25B0008D9AD2 /* Assets.xcassets */ = {isa = PBXFileReference; lastKnownFileType = folder.assetcatalog; path = Assets.xcassets; sourceTree = "<group>"; };
		CBEB432F26EF25B0008D9AD2 /* Preview Assets.xcassets */ = {isa = PBXFileReference; lastKnownFileType = folder.assetcatalog; path = "Preview Assets.xcassets"; sourceTree = "<group>"; };
		CBEB433126EF25B0008D9AD2 /* Info.plist */ = {isa = PBXFileReference; lastKnownFileType = text.plist.xml; path = Info.plist; sourceTree = "<group>"; };
		CBEB433626EF25B1008D9AD2 /* PokedexTests.xctest */ = {isa = PBXFileReference; explicitFileType = wrapper.cfbundle; includeInIndex = 0; path = PokedexTests.xctest; sourceTree = BUILT_PRODUCTS_DIR; };
		CBEB433A26EF25B1008D9AD2 /* PokedexTests.swift */ = {isa = PBXFileReference; lastKnownFileType = sourcecode.swift; path = PokedexTests.swift; sourceTree = "<group>"; };
		CBEB433C26EF25B1008D9AD2 /* Info.plist */ = {isa = PBXFileReference; lastKnownFileType = text.plist.xml; path = Info.plist; sourceTree = "<group>"; };
		CBEB434126EF25B1008D9AD2 /* PokedexUITests.xctest */ = {isa = PBXFileReference; explicitFileType = wrapper.cfbundle; includeInIndex = 0; path = PokedexUITests.xctest; sourceTree = BUILT_PRODUCTS_DIR; };
		CBEB434526EF25B1008D9AD2 /* PokedexUITests.swift */ = {isa = PBXFileReference; lastKnownFileType = sourcecode.swift; path = PokedexUITests.swift; sourceTree = "<group>"; };
		CBEB434726EF25B1008D9AD2 /* Info.plist */ = {isa = PBXFileReference; lastKnownFileType = text.plist.xml; path = Info.plist; sourceTree = "<group>"; };
		CBEB435326EF2769008D9AD2 /* LoginViewModel.swift */ = {isa = PBXFileReference; lastKnownFileType = sourcecode.swift; path = LoginViewModel.swift; sourceTree = "<group>"; };
/* End PBXFileReference section */

/* Begin PBXFrameworksBuildPhase section */
		CBEB432226EF25B0008D9AD2 /* Frameworks */ = {
			isa = PBXFrameworksBuildPhase;
			buildActionMask = 2147483647;
			files = (
			);
			runOnlyForDeploymentPostprocessing = 0;
		};
		CBEB433326EF25B1008D9AD2 /* Frameworks */ = {
			isa = PBXFrameworksBuildPhase;
			buildActionMask = 2147483647;
			files = (
			);
			runOnlyForDeploymentPostprocessing = 0;
		};
		CBEB433E26EF25B1008D9AD2 /* Frameworks */ = {
			isa = PBXFrameworksBuildPhase;
			buildActionMask = 2147483647;
			files = (
			);
			runOnlyForDeploymentPostprocessing = 0;
		};
/* End PBXFrameworksBuildPhase section */

/* Begin PBXGroup section */
		CBEB431C26EF25B0008D9AD2 = {
			isa = PBXGroup;
			children = (
				CBEB432726EF25B0008D9AD2 /* Pokedex */,
				CBEB433926EF25B1008D9AD2 /* PokedexTests */,
				CBEB434426EF25B1008D9AD2 /* PokedexUITests */,
				CBEB432626EF25B0008D9AD2 /* Products */,
			);
			sourceTree = "<group>";
		};
		CBEB432626EF25B0008D9AD2 /* Products */ = {
			isa = PBXGroup;
			children = (
				CBEB432526EF25B0008D9AD2 /* Pokedex.app */,
				CBEB433626EF25B1008D9AD2 /* PokedexTests.xctest */,
				CBEB434126EF25B1008D9AD2 /* PokedexUITests.xctest */,
			);
			name = Products;
			sourceTree = "<group>";
		};
		CBEB432726EF25B0008D9AD2 /* Pokedex */ = {
			isa = PBXGroup;
			children = (
				CBEB435526EF2A29008D9AD2 /* LoginView */,
				CBEB432826EF25B0008D9AD2 /* PokedexApp.swift */,
				CBEB432C26EF25B0008D9AD2 /* Assets.xcassets */,
				CBEB433126EF25B0008D9AD2 /* Info.plist */,
				CBEB432E26EF25B0008D9AD2 /* Preview Content */,
			);
			path = Pokedex;
			sourceTree = "<group>";
		};
		CBEB432E26EF25B0008D9AD2 /* Preview Content */ = {
			isa = PBXGroup;
			children = (
				CBEB432F26EF25B0008D9AD2 /* Preview Assets.xcassets */,
			);
			path = "Preview Content";
			sourceTree = "<group>";
		};
		CBEB433926EF25B1008D9AD2 /* PokedexTests */ = {
			isa = PBXGroup;
			children = (
				CBEB433A26EF25B1008D9AD2 /* PokedexTests.swift */,
				CBEB433C26EF25B1008D9AD2 /* Info.plist */,
			);
			path = PokedexTests;
			sourceTree = "<group>";
		};
		CBEB434426EF25B1008D9AD2 /* PokedexUITests */ = {
			isa = PBXGroup;
			children = (
				CBEB434526EF25B1008D9AD2 /* PokedexUITests.swift */,
				CBEB434726EF25B1008D9AD2 /* Info.plist */,
			);
			path = PokedexUITests;
			sourceTree = "<group>";
		};
		CBEB435526EF2A29008D9AD2 /* LoginView */ = {
			isa = PBXGroup;
			children = (
				CBEB432A26EF25B0008D9AD2 /* LoginView.swift */,
				CBEB435326EF2769008D9AD2 /* LoginViewModel.swift */,
			);
			path = LoginView;
			sourceTree = "<group>";
		};
/* End PBXGroup section */

/* Begin PBXNativeTarget section */
		CBEB432426EF25B0008D9AD2 /* Pokedex */ = {
			isa = PBXNativeTarget;
			buildConfigurationList = CBEB434A26EF25B1008D9AD2 /* Build configuration list for PBXNativeTarget "Pokedex" */;
			buildPhases = (
				CBEB432126EF25B0008D9AD2 /* Sources */,
				CBEB432226EF25B0008D9AD2 /* Frameworks */,
				CBEB432326EF25B0008D9AD2 /* Resources */,
			);
			buildRules = (
			);
			dependencies = (
			);
			name = Pokedex;
			productName = Pokedex;
			productReference = CBEB432526EF25B0008D9AD2 /* Pokedex.app */;
			productType = "com.apple.product-type.application";
		};
		CBEB433526EF25B1008D9AD2 /* PokedexTests */ = {
			isa = PBXNativeTarget;
			buildConfigurationList = CBEB434D26EF25B1008D9AD2 /* Build configuration list for PBXNativeTarget "PokedexTests" */;
			buildPhases = (
				CBEB433226EF25B1008D9AD2 /* Sources */,
				CBEB433326EF25B1008D9AD2 /* Frameworks */,
				CBEB433426EF25B1008D9AD2 /* Resources */,
			);
			buildRules = (
			);
			dependencies = (
				CBEB433826EF25B1008D9AD2 /* PBXTargetDependency */,
			);
			name = PokedexTests;
			productName = PokedexTests;
			productReference = CBEB433626EF25B1008D9AD2 /* PokedexTests.xctest */;
			productType = "com.apple.product-type.bundle.unit-test";
		};
		CBEB434026EF25B1008D9AD2 /* PokedexUITests */ = {
			isa = PBXNativeTarget;
			buildConfigurationList = CBEB435026EF25B1008D9AD2 /* Build configuration list for PBXNativeTarget "PokedexUITests" */;
			buildPhases = (
				CBEB433D26EF25B1008D9AD2 /* Sources */,
				CBEB433E26EF25B1008D9AD2 /* Frameworks */,
				CBEB433F26EF25B1008D9AD2 /* Resources */,
			);
			buildRules = (
			);
			dependencies = (
				CBEB434326EF25B1008D9AD2 /* PBXTargetDependency */,
			);
			name = PokedexUITests;
			productName = PokedexUITests;
			productReference = CBEB434126EF25B1008D9AD2 /* PokedexUITests.xctest */;
			productType = "com.apple.product-type.bundle.ui-testing";
		};
/* End PBXNativeTarget section */

/* Begin PBXProject section */
		CBEB431D26EF25B0008D9AD2 /* Project object */ = {
			isa = PBXProject;
			attributes = {
				LastSwiftUpdateCheck = 1250;
				LastUpgradeCheck = 1250;
				TargetAttributes = {
					CBEB432426EF25B0008D9AD2 = {
						CreatedOnToolsVersion = 12.5.1;
					};
					CBEB433526EF25B1008D9AD2 = {
						CreatedOnToolsVersion = 12.5.1;
						TestTargetID = CBEB432426EF25B0008D9AD2;
					};
					CBEB434026EF25B1008D9AD2 = {
						CreatedOnToolsVersion = 12.5.1;
						TestTargetID = CBEB432426EF25B0008D9AD2;
					};
				};
			};
			buildConfigurationList = CBEB432026EF25B0008D9AD2 /* Build configuration list for PBXProject "Pokedex" */;
			compatibilityVersion = "Xcode 9.3";
			developmentRegion = en;
			hasScannedForEncodings = 0;
			knownRegions = (
				en,
				Base,
			);
			mainGroup = CBEB431C26EF25B0008D9AD2;
			productRefGroup = CBEB432626EF25B0008D9AD2 /* Products */;
			projectDirPath = "";
			projectRoot = "";
			targets = (
				CBEB432426EF25B0008D9AD2 /* Pokedex */,
				CBEB433526EF25B1008D9AD2 /* PokedexTests */,
				CBEB434026EF25B1008D9AD2 /* PokedexUITests */,
			);
		};
/* End PBXProject section */

/* Begin PBXResourcesBuildPhase section */
		CBEB432326EF25B0008D9AD2 /* Resources */ = {
			isa = PBXResourcesBuildPhase;
			buildActionMask = 2147483647;
			files = (
				CBEB433026EF25B0008D9AD2 /* Preview Assets.xcassets in Resources */,
				CBEB432D26EF25B0008D9AD2 /* Assets.xcassets in Resources */,
			);
			runOnlyForDeploymentPostprocessing = 0;
		};
		CBEB433426EF25B1008D9AD2 /* Resources */ = {
			isa = PBXResourcesBuildPhase;
			buildActionMask = 2147483647;
			files = (
			);
			runOnlyForDeploymentPostprocessing = 0;
		};
		CBEB433F26EF25B1008D9AD2 /* Resources */ = {
			isa = PBXResourcesBuildPhase;
			buildActionMask = 2147483647;
			files = (
			);
			runOnlyForDeploymentPostprocessing = 0;
		};
/* End PBXResourcesBuildPhase section */

/* Begin PBXSourcesBuildPhase section */
		CBEB432126EF25B0008D9AD2 /* Sources */ = {
			isa = PBXSourcesBuildPhase;
			buildActionMask = 2147483647;
			files = (
				CBEB432B26EF25B0008D9AD2 /* LoginView.swift in Sources */,
				CBEB432926EF25B0008D9AD2 /* PokedexApp.swift in Sources */,
				CBEB435426EF2769008D9AD2 /* LoginViewModel.swift in Sources */,
			);
			runOnlyForDeploymentPostprocessing = 0;
		};
		CBEB433226EF25B1008D9AD2 /* Sources */ = {
			isa = PBXSourcesBuildPhase;
			buildActionMask = 2147483647;
			files = (
				CBEB433B26EF25B1008D9AD2 /* PokedexTests.swift in Sources */,
			);
			runOnlyForDeploymentPostprocessing = 0;
		};
		CBEB433D26EF25B1008D9AD2 /* Sources */ = {
			isa = PBXSourcesBuildPhase;
			buildActionMask = 2147483647;
			files = (
				CBEB434626EF25B1008D9AD2 /* PokedexUITests.swift in Sources */,
			);
			runOnlyForDeploymentPostprocessing = 0;
		};
/* End PBXSourcesBuildPhase section */

/* Begin PBXTargetDependency section */
		CBEB433826EF25B1008D9AD2 /* PBXTargetDependency */ = {
			isa = PBXTargetDependency;
			target = CBEB432426EF25B0008D9AD2 /* Pokedex */;
			targetProxy = CBEB433726EF25B1008D9AD2 /* PBXContainerItemProxy */;
		};
		CBEB434326EF25B1008D9AD2 /* PBXTargetDependency */ = {
			isa = PBXTargetDependency;
			target = CBEB432426EF25B0008D9AD2 /* Pokedex */;
			targetProxy = CBEB434226EF25B1008D9AD2 /* PBXContainerItemProxy */;
		};
/* End PBXTargetDependency section */

/* Begin XCBuildConfiguration section */
		CBEB434826EF25B1008D9AD2 /* Debug */ = {
			isa = XCBuildConfiguration;
			buildSettings = {
				ALWAYS_SEARCH_USER_PATHS = NO;
				CLANG_ANALYZER_NONNULL = YES;
				CLANG_ANALYZER_NUMBER_OBJECT_CONVERSION = YES_AGGRESSIVE;
				CLANG_CXX_LANGUAGE_STANDARD = "gnu++14";
				CLANG_CXX_LIBRARY = "libc++";
				CLANG_ENABLE_MODULES = YES;
				CLANG_ENABLE_OBJC_ARC = YES;
				CLANG_ENABLE_OBJC_WEAK = YES;
				CLANG_WARN_BLOCK_CAPTURE_AUTORELEASING = YES;
				CLANG_WARN_BOOL_CONVERSION = YES;
				CLANG_WARN_COMMA = YES;
				CLANG_WARN_CONSTANT_CONVERSION = YES;
				CLANG_WARN_DEPRECATED_OBJC_IMPLEMENTATIONS = YES;
				CLANG_WARN_DIRECT_OBJC_ISA_USAGE = YES_ERROR;
				CLANG_WARN_DOCUMENTATION_COMMENTS = YES;
				CLANG_WARN_EMPTY_BODY = YES;
				CLANG_WARN_ENUM_CONVERSION = YES;
				CLANG_WARN_INFINITE_RECURSION = YES;
				CLANG_WARN_INT_CONVERSION = YES;
				CLANG_WARN_NON_LITERAL_NULL_CONVERSION = YES;
				CLANG_WARN_OBJC_IMPLICIT_RETAIN_SELF = YES;
				CLANG_WARN_OBJC_LITERAL_CONVERSION = YES;
				CLANG_WARN_OBJC_ROOT_CLASS = YES_ERROR;
				CLANG_WARN_QUOTED_INCLUDE_IN_FRAMEWORK_HEADER = YES;
				CLANG_WARN_RANGE_LOOP_ANALYSIS = YES;
				CLANG_WARN_STRICT_PROTOTYPES = YES;
				CLANG_WARN_SUSPICIOUS_MOVE = YES;
				CLANG_WARN_UNGUARDED_AVAILABILITY = YES_AGGRESSIVE;
				CLANG_WARN_UNREACHABLE_CODE = YES;
				CLANG_WARN__DUPLICATE_METHOD_MATCH = YES;
				COPY_PHASE_STRIP = NO;
				DEBUG_INFORMATION_FORMAT = dwarf;
				ENABLE_STRICT_OBJC_MSGSEND = YES;
				ENABLE_TESTABILITY = YES;
				GCC_C_LANGUAGE_STANDARD = gnu11;
				GCC_DYNAMIC_NO_PIC = NO;
				GCC_NO_COMMON_BLOCKS = YES;
				GCC_OPTIMIZATION_LEVEL = 0;
				GCC_PREPROCESSOR_DEFINITIONS = (
					"DEBUG=1",
					"$(inherited)",
				);
				GCC_WARN_64_TO_32_BIT_CONVERSION = YES;
				GCC_WARN_ABOUT_RETURN_TYPE = YES_ERROR;
				GCC_WARN_UNDECLARED_SELECTOR = YES;
				GCC_WARN_UNINITIALIZED_AUTOS = YES_AGGRESSIVE;
				GCC_WARN_UNUSED_FUNCTION = YES;
				GCC_WARN_UNUSED_VARIABLE = YES;
				IPHONEOS_DEPLOYMENT_TARGET = 14.5;
				MTL_ENABLE_DEBUG_INFO = INCLUDE_SOURCE;
				MTL_FAST_MATH = YES;
				ONLY_ACTIVE_ARCH = YES;
				SDKROOT = iphoneos;
				SWIFT_ACTIVE_COMPILATION_CONDITIONS = DEBUG;
				SWIFT_OPTIMIZATION_LEVEL = "-Onone";
			};
			name = Debug;
		};
		CBEB434926EF25B1008D9AD2 /* Release */ = {
			isa = XCBuildConfiguration;
			buildSettings = {
				ALWAYS_SEARCH_USER_PATHS = NO;
				CLANG_ANALYZER_NONNULL = YES;
				CLANG_ANALYZER_NUMBER_OBJECT_CONVERSION = YES_AGGRESSIVE;
				CLANG_CXX_LANGUAGE_STANDARD = "gnu++14";
				CLANG_CXX_LIBRARY = "libc++";
				CLANG_ENABLE_MODULES = YES;
				CLANG_ENABLE_OBJC_ARC = YES;
				CLANG_ENABLE_OBJC_WEAK = YES;
				CLANG_WARN_BLOCK_CAPTURE_AUTORELEASING = YES;
				CLANG_WARN_BOOL_CONVERSION = YES;
				CLANG_WARN_COMMA = YES;
				CLANG_WARN_CONSTANT_CONVERSION = YES;
				CLANG_WARN_DEPRECATED_OBJC_IMPLEMENTATIONS = YES;
				CLANG_WARN_DIRECT_OBJC_ISA_USAGE = YES_ERROR;
				CLANG_WARN_DOCUMENTATION_COMMENTS = YES;
				CLANG_WARN_EMPTY_BODY = YES;
				CLANG_WARN_ENUM_CONVERSION = YES;
				CLANG_WARN_INFINITE_RECURSION = YES;
				CLANG_WARN_INT_CONVERSION = YES;
				CLANG_WARN_NON_LITERAL_NULL_CONVERSION = YES;
				CLANG_WARN_OBJC_IMPLICIT_RETAIN_SELF = YES;
				CLANG_WARN_OBJC_LITERAL_CONVERSION = YES;
				CLANG_WARN_OBJC_ROOT_CLASS = YES_ERROR;
				CLANG_WARN_QUOTED_INCLUDE_IN_FRAMEWORK_HEADER = YES;
				CLANG_WARN_RANGE_LOOP_ANALYSIS = YES;
				CLANG_WARN_STRICT_PROTOTYPES = YES;
				CLANG_WARN_SUSPICIOUS_MOVE = YES;
				CLANG_WARN_UNGUARDED_AVAILABILITY = YES_AGGRESSIVE;
				CLANG_WARN_UNREACHABLE_CODE = YES;
				CLANG_WARN__DUPLICATE_METHOD_MATCH = YES;
				COPY_PHASE_STRIP = NO;
				DEBUG_INFORMATION_FORMAT = "dwarf-with-dsym";
				ENABLE_NS_ASSERTIONS = NO;
				ENABLE_STRICT_OBJC_MSGSEND = YES;
				GCC_C_LANGUAGE_STANDARD = gnu11;
				GCC_NO_COMMON_BLOCKS = YES;
				GCC_WARN_64_TO_32_BIT_CONVERSION = YES;
				GCC_WARN_ABOUT_RETURN_TYPE = YES_ERROR;
				GCC_WARN_UNDECLARED_SELECTOR = YES;
				GCC_WARN_UNINITIALIZED_AUTOS = YES_AGGRESSIVE;
				GCC_WARN_UNUSED_FUNCTION = YES;
				GCC_WARN_UNUSED_VARIABLE = YES;
				IPHONEOS_DEPLOYMENT_TARGET = 14.5;
				MTL_ENABLE_DEBUG_INFO = NO;
				MTL_FAST_MATH = YES;
				SDKROOT = iphoneos;
				SWIFT_COMPILATION_MODE = wholemodule;
				SWIFT_OPTIMIZATION_LEVEL = "-O";
				VALIDATE_PRODUCT = YES;
			};
			name = Release;
		};
		CBEB434B26EF25B1008D9AD2 /* Debug */ = {
			isa = XCBuildConfiguration;
			buildSettings = {
				ASSETCATALOG_COMPILER_APPICON_NAME = AppIcon;
				ASSETCATALOG_COMPILER_GLOBAL_ACCENT_COLOR_NAME = AccentColor;
				CODE_SIGN_STYLE = Automatic;
				DEVELOPMENT_ASSET_PATHS = "\"Pokedex/Preview Content\"";
				ENABLE_PREVIEWS = YES;
				INFOPLIST_FILE = Pokedex/Info.plist;
				IPHONEOS_DEPLOYMENT_TARGET = 14.0;
				LD_RUNPATH_SEARCH_PATHS = (
					"$(inherited)",
					"@executable_path/Frameworks",
				);
				PRODUCT_BUNDLE_IDENTIFIER = "com.Formation-Movies.Pokedex";
				PRODUCT_NAME = "$(TARGET_NAME)";
				SWIFT_VERSION = 5.0;
				TARGETED_DEVICE_FAMILY = "1,2";
			};
			name = Debug;
		};
		CBEB434C26EF25B1008D9AD2 /* Release */ = {
			isa = XCBuildConfiguration;
			buildSettings = {
				ASSETCATALOG_COMPILER_APPICON_NAME = AppIcon;
				ASSETCATALOG_COMPILER_GLOBAL_ACCENT_COLOR_NAME = AccentColor;
				CODE_SIGN_STYLE = Automatic;
				DEVELOPMENT_ASSET_PATHS = "\"Pokedex/Preview Content\"";
				ENABLE_PREVIEWS = YES;
				INFOPLIST_FILE = Pokedex/Info.plist;
				IPHONEOS_DEPLOYMENT_TARGET = 14.0;
				LD_RUNPATH_SEARCH_PATHS = (
					"$(inherited)",
					"@executable_path/Frameworks",
				);
				PRODUCT_BUNDLE_IDENTIFIER = "com.Formation-Movies.Pokedex";
				PRODUCT_NAME = "$(TARGET_NAME)";
				SWIFT_VERSION = 5.0;
				TARGETED_DEVICE_FAMILY = "1,2";
			};
			name = Release;
		};
		CBEB434E26EF25B1008D9AD2 /* Debug */ = {
			isa = XCBuildConfiguration;
			buildSettings = {
				ALWAYS_EMBED_SWIFT_STANDARD_LIBRARIES = YES;
				BUNDLE_LOADER = "$(TEST_HOST)";
				CODE_SIGN_STYLE = Automatic;
				INFOPLIST_FILE = PokedexTests/Info.plist;
				IPHONEOS_DEPLOYMENT_TARGET = 14.0;
				LD_RUNPATH_SEARCH_PATHS = (
					"$(inherited)",
					"@executable_path/Frameworks",
					"@loader_path/Frameworks",
				);
				PRODUCT_BUNDLE_IDENTIFIER = "com.Formation-Movies.PokedexTests";
				PRODUCT_NAME = "$(TARGET_NAME)";
				SWIFT_VERSION = 5.0;
				TARGETED_DEVICE_FAMILY = "1,2";
				TEST_HOST = "$(BUILT_PRODUCTS_DIR)/Pokedex.app/Pokedex";
			};
			name = Debug;
		};
		CBEB434F26EF25B1008D9AD2 /* Release */ = {
			isa = XCBuildConfiguration;
			buildSettings = {
				ALWAYS_EMBED_SWIFT_STANDARD_LIBRARIES = YES;
				BUNDLE_LOADER = "$(TEST_HOST)";
				CODE_SIGN_STYLE = Automatic;
				INFOPLIST_FILE = PokedexTests/Info.plist;
				IPHONEOS_DEPLOYMENT_TARGET = 14.0;
				LD_RUNPATH_SEARCH_PATHS = (
					"$(inherited)",
					"@executable_path/Frameworks",
					"@loader_path/Frameworks",
				);
				PRODUCT_BUNDLE_IDENTIFIER = "com.Formation-Movies.PokedexTests";
				PRODUCT_NAME = "$(TARGET_NAME)";
				SWIFT_VERSION = 5.0;
				TARGETED_DEVICE_FAMILY = "1,2";
				TEST_HOST = "$(BUILT_PRODUCTS_DIR)/Pokedex.app/Pokedex";
			};
			name = Release;
		};
		CBEB435126EF25B1008D9AD2 /* Debug */ = {
			isa = XCBuildConfiguration;
			buildSettings = {
				ALWAYS_EMBED_SWIFT_STANDARD_LIBRARIES = YES;
				CODE_SIGN_STYLE = Automatic;
				INFOPLIST_FILE = PokedexUITests/Info.plist;
				LD_RUNPATH_SEARCH_PATHS = (
					"$(inherited)",
					"@executable_path/Frameworks",
					"@loader_path/Frameworks",
				);
				PRODUCT_BUNDLE_IDENTIFIER = "com.Formation-Movies.PokedexUITests";
				PRODUCT_NAME = "$(TARGET_NAME)";
				SWIFT_VERSION = 5.0;
				TARGETED_DEVICE_FAMILY = "1,2";
				TEST_TARGET_NAME = Pokedex;
			};
			name = Debug;
		};
		CBEB435226EF25B1008D9AD2 /* Release */ = {
			isa = XCBuildConfiguration;
			buildSettings = {
				ALWAYS_EMBED_SWIFT_STANDARD_LIBRARIES = YES;
				CODE_SIGN_STYLE = Automatic;
				INFOPLIST_FILE = PokedexUITests/Info.plist;
				LD_RUNPATH_SEARCH_PATHS = (
					"$(inherited)",
					"@executable_path/Frameworks",
					"@loader_path/Frameworks",
				);
				PRODUCT_BUNDLE_IDENTIFIER = "com.Formation-Movies.PokedexUITests";
				PRODUCT_NAME = "$(TARGET_NAME)";
				SWIFT_VERSION = 5.0;
				TARGETED_DEVICE_FAMILY = "1,2";
				TEST_TARGET_NAME = Pokedex;
			};
			name = Release;
		};
/* End XCBuildConfiguration section */

/* Begin XCConfigurationList section */
		CBEB432026EF25B0008D9AD2 /* Build configuration list for PBXProject "Pokedex" */ = {
			isa = XCConfigurationList;
			buildConfigurations = (
				CBEB434826EF25B1008D9AD2 /* Debug */,
				CBEB434926EF25B1008D9AD2 /* Release */,
			);
			defaultConfigurationIsVisible = 0;
			defaultConfigurationName = Release;
		};
		CBEB434A26EF25B1008D9AD2 /* Build configuration list for PBXNativeTarget "Pokedex" */ = {
			isa = XCConfigurationList;
			buildConfigurations = (
				CBEB434B26EF25B1008D9AD2 /* Debug */,
				CBEB434C26EF25B1008D9AD2 /* Release */,
			);
			defaultConfigurationIsVisible = 0;
			defaultConfigurationName = Release;
		};
		CBEB434D26EF25B1008D9AD2 /* Build configuration list for PBXNativeTarget "PokedexTests" */ = {
			isa = XCConfigurationList;
			buildConfigurations = (
				CBEB434E26EF25B1008D9AD2 /* Debug */,
				CBEB434F26EF25B1008D9AD2 /* Release */,
			);
			defaultConfigurationIsVisible = 0;
			defaultConfigurationName = Release;
		};
		CBEB435026EF25B1008D9AD2 /* Build configuration list for PBXNativeTarget "PokedexUITests" */ = {
			isa = XCConfigurationList;
			buildConfigurations = (
				CBEB435126EF25B1008D9AD2 /* Debug */,
				CBEB435226EF25B1008D9AD2 /* Release */,
			);
			defaultConfigurationIsVisible = 0;
			defaultConfigurationName = Release;
		};
/* End XCConfigurationList section */
	};
	rootObject = CBEB431D26EF25B0008D9AD2 /* Project object */;
}
